// !$*UTF8*$!
{
	archiveVersion = 1;
	classes = {
	};
	objectVersion = 50;
	objects = {

/* Begin PBXBuildFile section */
		2C2207B12286A17700DE2544 /* GADManager.podspec in Resources */ = {isa = PBXBuildFile; fileRef = 2C2207B02286A17700DE2544 /* GADManager.podspec */; };
		2C2207B32286A1C600DE2544 /* GADManager.swift in Sources */ = {isa = PBXBuildFile; fileRef = 2C2207B22286A1C600DE2544 /* GADManager.swift */; };
		2C2207B52286AF1F00DE2544 /* LICENSE in Resources */ = {isa = PBXBuildFile; fileRef = 2C2207B42286AF1F00DE2544 /* LICENSE */; };
		2CAE69FF2537ED2100355B7F /* UIViewController+.swift in Sources */ = {isa = PBXBuildFile; fileRef = 2CAE69FE2537ED2100355B7F /* UIViewController+.swift */; };
		2CAE6A022537F88E00355B7F /* UIAlertAction+.swift in Sources */ = {isa = PBXBuildFile; fileRef = 2CAE6A012537F88E00355B7F /* UIAlertAction+.swift */; };
		2CAE6A4B2538241C00355B7F /* String+.swift in Sources */ = {isa = PBXBuildFile; fileRef = 2CAE6A4A2538241C00355B7F /* String+.swift */; };
		2CAE6A71253824A100355B7F /* UIApplication+.swift in Sources */ = {isa = PBXBuildFile; fileRef = 2CAE6A70253824A100355B7F /* UIApplication+.swift */; };
		2CD9FBA92563EF080022AE57 /* GADRequest+.swift in Sources */ = {isa = PBXBuildFile; fileRef = 2CD9FBA82563EF080022AE57 /* GADRequest+.swift */; };
		CBC70749020CBBFA2C9E9235 /* Pods_GADManager.framework in Frameworks */ = {isa = PBXBuildFile; fileRef = 5D530E89604D91B49315DD3E /* Pods_GADManager.framework */; };
/* End PBXBuildFile section */

/* Begin PBXFileReference section */
		2C22079F2286A0C700DE2544 /* GADManager.framework */ = {isa = PBXFileReference; explicitFileType = wrapper.framework; includeInIndex = 0; path = GADManager.framework; sourceTree = BUILT_PRODUCTS_DIR; };
		2C2207A32286A0C700DE2544 /* Info.plist */ = {isa = PBXFileReference; lastKnownFileType = text.plist.xml; path = Info.plist; sourceTree = "<group>"; };
		2C2207B02286A17700DE2544 /* GADManager.podspec */ = {isa = PBXFileReference; lastKnownFileType = text; path = GADManager.podspec; sourceTree = "<group>"; xcLanguageSpecificationIdentifier = xcode.lang.ruby; };
		2C2207B22286A1C600DE2544 /* GADManager.swift */ = {isa = PBXFileReference; lastKnownFileType = sourcecode.swift; path = GADManager.swift; sourceTree = "<group>"; };
		2C2207B42286AF1F00DE2544 /* LICENSE */ = {isa = PBXFileReference; fileEncoding = 4; lastKnownFileType = text; path = LICENSE; sourceTree = "<group>"; };
		2CAE69FE2537ED2100355B7F /* UIViewController+.swift */ = {isa = PBXFileReference; lastKnownFileType = sourcecode.swift; path = "UIViewController+.swift"; sourceTree = "<group>"; };
		2CAE6A012537F88E00355B7F /* UIAlertAction+.swift */ = {isa = PBXFileReference; lastKnownFileType = sourcecode.swift; path = "UIAlertAction+.swift"; sourceTree = "<group>"; };
		2CAE6A4A2538241C00355B7F /* String+.swift */ = {isa = PBXFileReference; lastKnownFileType = sourcecode.swift; path = "String+.swift"; sourceTree = "<group>"; };
		2CAE6A70253824A100355B7F /* UIApplication+.swift */ = {isa = PBXFileReference; lastKnownFileType = sourcecode.swift; path = "UIApplication+.swift"; sourceTree = "<group>"; };
		2CD9FBA82563EF080022AE57 /* GADRequest+.swift */ = {isa = PBXFileReference; lastKnownFileType = sourcecode.swift; path = "GADRequest+.swift"; sourceTree = "<group>"; };
		5D530E89604D91B49315DD3E /* Pods_GADManager.framework */ = {isa = PBXFileReference; explicitFileType = wrapper.framework; includeInIndex = 0; path = Pods_GADManager.framework; sourceTree = BUILT_PRODUCTS_DIR; };
		97E8FB8D1C84D1052A69D049 /* Pods-GADManager.debug.xcconfig */ = {isa = PBXFileReference; includeInIndex = 1; lastKnownFileType = text.xcconfig; name = "Pods-GADManager.debug.xcconfig"; path = "Target Support Files/Pods-GADManager/Pods-GADManager.debug.xcconfig"; sourceTree = "<group>"; };
		CE6F2ACB20F4753BAF408228 /* Pods-GADManager.release.xcconfig */ = {isa = PBXFileReference; includeInIndex = 1; lastKnownFileType = text.xcconfig; name = "Pods-GADManager.release.xcconfig"; path = "Target Support Files/Pods-GADManager/Pods-GADManager.release.xcconfig"; sourceTree = "<group>"; };
/* End PBXFileReference section */

/* Begin PBXFrameworksBuildPhase section */
		2C22079C2286A0C700DE2544 /* Frameworks */ = {
			isa = PBXFrameworksBuildPhase;
			buildActionMask = 2147483647;
			files = (
				CBC70749020CBBFA2C9E9235 /* Pods_GADManager.framework in Frameworks */,
			);
			runOnlyForDeploymentPostprocessing = 0;
		};
/* End PBXFrameworksBuildPhase section */

/* Begin PBXGroup section */
		2C2207952286A0C700DE2544 = {
			isa = PBXGroup;
			children = (
				2C2207B02286A17700DE2544 /* GADManager.podspec */,
				2C2207B42286AF1F00DE2544 /* LICENSE */,
				2C2207A12286A0C700DE2544 /* GADManager */,
				2C2207A02286A0C700DE2544 /* Products */,
				51AC61B496BFC1FF11D513A6 /* Pods */,
				AD612DA64E58D93F79C2EA41 /* Frameworks */,
			);
			sourceTree = "<group>";
		};
		2C2207A02286A0C700DE2544 /* Products */ = {
			isa = PBXGroup;
			children = (
				2C22079F2286A0C700DE2544 /* GADManager.framework */,
			);
			name = Products;
			sourceTree = "<group>";
		};
		2C2207A12286A0C700DE2544 /* GADManager */ = {
			isa = PBXGroup;
			children = (
				2CAE69FD2537ED0A00355B7F /* extensions */,
				2C2207B22286A1C600DE2544 /* GADManager.swift */,
				2C2207A32286A0C700DE2544 /* Info.plist */,
			);
			path = GADManager;
			sourceTree = "<group>";
		};
		2CAE69FD2537ED0A00355B7F /* extensions */ = {
			isa = PBXGroup;
			children = (
				2CAE69FE2537ED2100355B7F /* UIViewController+.swift */,
				2CAE6A70253824A100355B7F /* UIApplication+.swift */,
				2CAE6A012537F88E00355B7F /* UIAlertAction+.swift */,
				2CAE6A4A2538241C00355B7F /* String+.swift */,
				2CD9FBA82563EF080022AE57 /* GADRequest+.swift */,
			);
			path = extensions;
			sourceTree = "<group>";
		};
		51AC61B496BFC1FF11D513A6 /* Pods */ = {
			isa = PBXGroup;
			children = (
				97E8FB8D1C84D1052A69D049 /* Pods-GADManager.debug.xcconfig */,
				CE6F2ACB20F4753BAF408228 /* Pods-GADManager.release.xcconfig */,
			);
			path = Pods;
			sourceTree = "<group>";
		};
		AD612DA64E58D93F79C2EA41 /* Frameworks */ = {
			isa = PBXGroup;
			children = (
				5D530E89604D91B49315DD3E /* Pods_GADManager.framework */,
			);
			name = Frameworks;
			sourceTree = "<group>";
		};
/* End PBXGroup section */

/* Begin PBXHeadersBuildPhase section */
		2C22079A2286A0C700DE2544 /* Headers */ = {
			isa = PBXHeadersBuildPhase;
			buildActionMask = 2147483647;
			files = (
			);
			runOnlyForDeploymentPostprocessing = 0;
		};
/* End PBXHeadersBuildPhase section */

/* Begin PBXNativeTarget section */
		2C22079E2286A0C700DE2544 /* GADManager */ = {
			isa = PBXNativeTarget;
			buildConfigurationList = 2C2207A72286A0C700DE2544 /* Build configuration list for PBXNativeTarget "GADManager" */;
			buildPhases = (
				A07E1EEF3C1F933A585B5990 /* [CP] Check Pods Manifest.lock */,
				2C22079A2286A0C700DE2544 /* Headers */,
				2C22079B2286A0C700DE2544 /* Sources */,
				2C22079C2286A0C700DE2544 /* Frameworks */,
				2C22079D2286A0C700DE2544 /* Resources */,
			);
			buildRules = (
			);
			dependencies = (
			);
			name = GADManager;
			productName = GADManager;
			productReference = 2C22079F2286A0C700DE2544 /* GADManager.framework */;
			productType = "com.apple.product-type.framework";
		};
/* End PBXNativeTarget section */

/* Begin PBXProject section */
		2C2207962286A0C700DE2544 /* Project object */ = {
			isa = PBXProject;
			attributes = {
				LastUpgradeCheck = 1010;
				ORGANIZATIONNAME = Y2KLab;
				TargetAttributes = {
					2C22079E2286A0C700DE2544 = {
						CreatedOnToolsVersion = 10.1;
						LastSwiftMigration = 1010;
					};
				};
			};
			buildConfigurationList = 2C2207992286A0C700DE2544 /* Build configuration list for PBXProject "GADManager" */;
			compatibilityVersion = "Xcode 9.3";
			developmentRegion = en;
			hasScannedForEncodings = 0;
			knownRegions = (
				en,
			);
			mainGroup = 2C2207952286A0C700DE2544;
			productRefGroup = 2C2207A02286A0C700DE2544 /* Products */;
			projectDirPath = "";
			projectRoot = "";
			targets = (
				2C22079E2286A0C700DE2544 /* GADManager */,
			);
		};
/* End PBXProject section */

/* Begin PBXResourcesBuildPhase section */
		2C22079D2286A0C700DE2544 /* Resources */ = {
			isa = PBXResourcesBuildPhase;
			buildActionMask = 2147483647;
			files = (
				2C2207B52286AF1F00DE2544 /* LICENSE in Resources */,
				2C2207B12286A17700DE2544 /* GADManager.podspec in Resources */,
			);
			runOnlyForDeploymentPostprocessing = 0;
		};
/* End PBXResourcesBuildPhase section */

/* Begin PBXShellScriptBuildPhase section */
		A07E1EEF3C1F933A585B5990 /* [CP] Check Pods Manifest.lock */ = {
			isa = PBXShellScriptBuildPhase;
			buildActionMask = 2147483647;
			files = (
			);
			inputFileListPaths = (
			);
			inputPaths = (
				"${PODS_PODFILE_DIR_PATH}/Podfile.lock",
				"${PODS_ROOT}/Manifest.lock",
			);
			name = "[CP] Check Pods Manifest.lock";
			outputFileListPaths = (
			);
			outputPaths = (
				"$(DERIVED_FILE_DIR)/Pods-GADManager-checkManifestLockResult.txt",
			);
			runOnlyForDeploymentPostprocessing = 0;
			shellPath = /bin/sh;
			shellScript = "diff \"${PODS_PODFILE_DIR_PATH}/Podfile.lock\" \"${PODS_ROOT}/Manifest.lock\" > /dev/null\nif [ $? != 0 ] ; then\n    # print error to STDERR\n    echo \"error: The sandbox is not in sync with the Podfile.lock. Run 'pod install' or update your CocoaPods installation.\" >&2\n    exit 1\nfi\n# This output is used by Xcode 'outputs' to avoid re-running this script phase.\necho \"SUCCESS\" > \"${SCRIPT_OUTPUT_FILE_0}\"\n";
			showEnvVarsInLog = 0;
		};
/* End PBXShellScriptBuildPhase section */

/* Begin PBXSourcesBuildPhase section */
		2C22079B2286A0C700DE2544 /* Sources */ = {
			isa = PBXSourcesBuildPhase;
			buildActionMask = 2147483647;
			files = (
				2CAE6A71253824A100355B7F /* UIApplication+.swift in Sources */,
				2CAE6A022537F88E00355B7F /* UIAlertAction+.swift in Sources */,
				2CAE69FF2537ED2100355B7F /* UIViewController+.swift in Sources */,
				2CAE6A4B2538241C00355B7F /* String+.swift in Sources */,
				2CD9FBA92563EF080022AE57 /* GADRequest+.swift in Sources */,
				2C2207B32286A1C600DE2544 /* GADManager.swift in Sources */,
			);
			runOnlyForDeploymentPostprocessing = 0;
		};
/* End PBXSourcesBuildPhase section */

/* Begin XCBuildConfiguration section */
		2C2207A52286A0C700DE2544 /* Debug */ = {
			isa = XCBuildConfiguration;
			buildSettings = {
				ALWAYS_SEARCH_USER_PATHS = NO;
				CLANG_ANALYZER_NONNULL = YES;
				CLANG_ANALYZER_NUMBER_OBJECT_CONVERSION = YES_AGGRESSIVE;
				CLANG_CXX_LANGUAGE_STANDARD = "gnu++14";
				CLANG_CXX_LIBRARY = "libc++";
				CLANG_ENABLE_MODULES = YES;
				CLANG_ENABLE_OBJC_ARC = YES;
				CLANG_ENABLE_OBJC_WEAK = YES;
				CLANG_WARN_BLOCK_CAPTURE_AUTORELEASING = YES;
				CLANG_WARN_BOOL_CONVERSION = YES;
				CLANG_WARN_COMMA = YES;
				CLANG_WARN_CONSTANT_CONVERSION = YES;
				CLANG_WARN_DEPRECATED_OBJC_IMPLEMENTATIONS = YES;
				CLANG_WARN_DIRECT_OBJC_ISA_USAGE = YES_ERROR;
				CLANG_WARN_DOCUMENTATION_COMMENTS = YES;
				CLANG_WARN_EMPTY_BODY = YES;
				CLANG_WARN_ENUM_CONVERSION = YES;
				CLANG_WARN_INFINITE_RECURSION = YES;
				CLANG_WARN_INT_CONVERSION = YES;
				CLANG_WARN_NON_LITERAL_NULL_CONVERSION = YES;
				CLANG_WARN_OBJC_IMPLICIT_RETAIN_SELF = YES;
				CLANG_WARN_OBJC_LITERAL_CONVERSION = YES;
				CLANG_WARN_OBJC_ROOT_CLASS = YES_ERROR;
				CLANG_WARN_RANGE_LOOP_ANALYSIS = YES;
				CLANG_WARN_STRICT_PROTOTYPES = YES;
				CLANG_WARN_SUSPICIOUS_MOVE = YES;
				CLANG_WARN_UNGUARDED_AVAILABILITY = YES_AGGRESSIVE;
				CLANG_WARN_UNREACHABLE_CODE = YES;
				CLANG_WARN__DUPLICATE_METHOD_MATCH = YES;
				CODE_SIGN_IDENTITY = "iPhone Developer";
				COPY_PHASE_STRIP = NO;
				CURRENT_PROJECT_VERSION = 1;
				DEBUG_INFORMATION_FORMAT = dwarf;
				ENABLE_STRICT_OBJC_MSGSEND = YES;
				ENABLE_TESTABILITY = YES;
				GCC_C_LANGUAGE_STANDARD = gnu11;
				GCC_DYNAMIC_NO_PIC = NO;
				GCC_NO_COMMON_BLOCKS = YES;
				GCC_OPTIMIZATION_LEVEL = 0;
				GCC_PREPROCESSOR_DEFINITIONS = (
					"DEBUG=1",
					"$(inherited)",
				);
				GCC_WARN_64_TO_32_BIT_CONVERSION = YES;
				GCC_WARN_ABOUT_RETURN_TYPE = YES_ERROR;
				GCC_WARN_UNDECLARED_SELECTOR = YES;
				GCC_WARN_UNINITIALIZED_AUTOS = YES_AGGRESSIVE;
				GCC_WARN_UNUSED_FUNCTION = YES;
				GCC_WARN_UNUSED_VARIABLE = YES;
				IPHONEOS_DEPLOYMENT_TARGET = 12.1;
				MTL_ENABLE_DEBUG_INFO = INCLUDE_SOURCE;
				MTL_FAST_MATH = YES;
				ONLY_ACTIVE_ARCH = YES;
				SDKROOT = iphoneos;
				SWIFT_ACTIVE_COMPILATION_CONDITIONS = DEBUG;
				SWIFT_OPTIMIZATION_LEVEL = "-Onone";
				VERSIONING_SYSTEM = "apple-generic";
				VERSION_INFO_PREFIX = "";
			};
			name = Debug;
		};
		2C2207A62286A0C700DE2544 /* Release */ = {
			isa = XCBuildConfiguration;
			buildSettings = {
				ALWAYS_SEARCH_USER_PATHS = NO;
				CLANG_ANALYZER_NONNULL = YES;
				CLANG_ANALYZER_NUMBER_OBJECT_CONVERSION = YES_AGGRESSIVE;
				CLANG_CXX_LANGUAGE_STANDARD = "gnu++14";
				CLANG_CXX_LIBRARY = "libc++";
				CLANG_ENABLE_MODULES = YES;
				CLANG_ENABLE_OBJC_ARC = YES;
				CLANG_ENABLE_OBJC_WEAK = YES;
				CLANG_WARN_BLOCK_CAPTURE_AUTORELEASING = YES;
				CLANG_WARN_BOOL_CONVERSION = YES;
				CLANG_WARN_COMMA = YES;
				CLANG_WARN_CONSTANT_CONVERSION = YES;
				CLANG_WARN_DEPRECATED_OBJC_IMPLEMENTATIONS = YES;
				CLANG_WARN_DIRECT_OBJC_ISA_USAGE = YES_ERROR;
				CLANG_WARN_DOCUMENTATION_COMMENTS = YES;
				CLANG_WARN_EMPTY_BODY = YES;
				CLANG_WARN_ENUM_CONVERSION = YES;
				CLANG_WARN_INFINITE_RECURSION = YES;
				CLANG_WARN_INT_CONVERSION = YES;
				CLANG_WARN_NON_LITERAL_NULL_CONVERSION = YES;
				CLANG_WARN_OBJC_IMPLICIT_RETAIN_SELF = YES;
				CLANG_WARN_OBJC_LITERAL_CONVERSION = YES;
				CLANG_WARN_OBJC_ROOT_CLASS = YES_ERROR;
				CLANG_WARN_RANGE_LOOP_ANALYSIS = YES;
				CLANG_WARN_STRICT_PROTOTYPES = YES;
				CLANG_WARN_SUSPICIOUS_MOVE = YES;
				CLANG_WARN_UNGUARDED_AVAILABILITY = YES_AGGRESSIVE;
				CLANG_WARN_UNREACHABLE_CODE = YES;
				CLANG_WARN__DUPLICATE_METHOD_MATCH = YES;
				CODE_SIGN_IDENTITY = "iPhone Developer";
				COPY_PHASE_STRIP = NO;
				CURRENT_PROJECT_VERSION = 1;
				DEBUG_INFORMATION_FORMAT = "dwarf-with-dsym";
				ENABLE_NS_ASSERTIONS = NO;
				ENABLE_STRICT_OBJC_MSGSEND = YES;
				GCC_C_LANGUAGE_STANDARD = gnu11;
				GCC_NO_COMMON_BLOCKS = YES;
				GCC_WARN_64_TO_32_BIT_CONVERSION = YES;
				GCC_WARN_ABOUT_RETURN_TYPE = YES_ERROR;
				GCC_WARN_UNDECLARED_SELECTOR = YES;
				GCC_WARN_UNINITIALIZED_AUTOS = YES_AGGRESSIVE;
				GCC_WARN_UNUSED_FUNCTION = YES;
				GCC_WARN_UNUSED_VARIABLE = YES;
				IPHONEOS_DEPLOYMENT_TARGET = 12.1;
				MTL_ENABLE_DEBUG_INFO = NO;
				MTL_FAST_MATH = YES;
				SDKROOT = iphoneos;
				SWIFT_COMPILATION_MODE = wholemodule;
				SWIFT_OPTIMIZATION_LEVEL = "-O";
				VALIDATE_PRODUCT = YES;
				VERSIONING_SYSTEM = "apple-generic";
				VERSION_INFO_PREFIX = "";
			};
			name = Release;
		};
		2C2207A82286A0C700DE2544 /* Debug */ = {
			isa = XCBuildConfiguration;
			baseConfigurationReference = 97E8FB8D1C84D1052A69D049 /* Pods-GADManager.debug.xcconfig */;
			buildSettings = {
				CLANG_ENABLE_MODULES = YES;
				CODE_SIGN_IDENTITY = "iPhone Developer";
				CODE_SIGN_STYLE = Automatic;
				CURRENT_PROJECT_VERSION = 9;
				DEFINES_MODULE = YES;
				DEVELOPMENT_TEAM = M29A6H95KD;
				DYLIB_COMPATIBILITY_VERSION = 1;
				DYLIB_CURRENT_VERSION = 1;
				DYLIB_INSTALL_NAME_BASE = "@rpath";
				"EXCLUDED_ARCHS[sdk=iphonesimulator*]" = arm64;
				INFOPLIST_FILE = GADManager/Info.plist;
				INSTALL_PATH = "$(LOCAL_LIBRARY_DIR)/Frameworks";
				IPHONEOS_DEPLOYMENT_TARGET = 9.0;
				LD_RUNPATH_SEARCH_PATHS = (
					"$(inherited)",
					"@executable_path/Frameworks",
					"@loader_path/Frameworks",
				);
				MARKETING_VERSION = 1.2.21;
				PRODUCT_BUNDLE_IDENTIFIER = com.y2k.GADManager;
				PRODUCT_NAME = "$(TARGET_NAME:c99extidentifier)";
				PROVISIONING_PROFILE_SPECIFIER = "";
				SKIP_INSTALL = YES;
				SUPPORTS_MACCATALYST = NO;
				SWIFT_INSTALL_OBJC_HEADER = NO;
				SWIFT_OPTIMIZATION_LEVEL = "-Onone";
				SWIFT_VERSION = 4.0;
				TARGETED_DEVICE_FAMILY = "1,2";
			};
			name = Debug;
		};
		2C2207A92286A0C700DE2544 /* Release */ = {
			isa = XCBuildConfiguration;
			baseConfigurationReference = CE6F2ACB20F4753BAF408228 /* Pods-GADManager.release.xcconfig */;
			buildSettings = {
				CLANG_ENABLE_MODULES = YES;
				CODE_SIGN_IDENTITY = "iPhone Developer";
				CODE_SIGN_STYLE = Automatic;
				CURRENT_PROJECT_VERSION = 9;
				DEFINES_MODULE = YES;
				DEVELOPMENT_TEAM = M29A6H95KD;
				DYLIB_COMPATIBILITY_VERSION = 1;
				DYLIB_CURRENT_VERSION = 1;
				DYLIB_INSTALL_NAME_BASE = "@rpath";
				"EXCLUDED_ARCHS[sdk=iphonesimulator*]" = arm64;
				INFOPLIST_FILE = GADManager/Info.plist;
				INSTALL_PATH = "$(LOCAL_LIBRARY_DIR)/Frameworks";
				IPHONEOS_DEPLOYMENT_TARGET = 9.0;
				LD_RUNPATH_SEARCH_PATHS = (
					"$(inherited)",
					"@executable_path/Frameworks",
					"@loader_path/Frameworks",
				);
				MARKETING_VERSION = 1.2.21;
				PRODUCT_BUNDLE_IDENTIFIER = com.y2k.GADManager;
				PRODUCT_NAME = "$(TARGET_NAME:c99extidentifier)";
				PROVISIONING_PROFILE_SPECIFIER = "";
				SKIP_INSTALL = YES;
				SUPPORTS_MACCATALYST = NO;
				SWIFT_INSTALL_OBJC_HEADER = NO;
				SWIFT_VERSION = 4.0;
				TARGETED_DEVICE_FAMILY = "1,2";
			};
			name = Release;
		};
/* End XCBuildConfiguration section */

/* Begin XCConfigurationList section */
		2C2207992286A0C700DE2544 /* Build configuration list for PBXProject "GADManager" */ = {
			isa = XCConfigurationList;
			buildConfigurations = (
				2C2207A52286A0C700DE2544 /* Debug */,
				2C2207A62286A0C700DE2544 /* Release */,
			);
			defaultConfigurationIsVisible = 0;
			defaultConfigurationName = Release;
		};
		2C2207A72286A0C700DE2544 /* Build configuration list for PBXNativeTarget "GADManager" */ = {
			isa = XCConfigurationList;
			buildConfigurations = (
				2C2207A82286A0C700DE2544 /* Debug */,
				2C2207A92286A0C700DE2544 /* Release */,
			);
			defaultConfigurationIsVisible = 0;
			defaultConfigurationName = Release;
		};
/* End XCConfigurationList section */
	};
	rootObject = 2C2207962286A0C700DE2544 /* Project object */;
}
